
Microsoft Visual Studio Solution File, Format Version 12.00
# Visual Studio 15
VisualStudioVersion = 15.0.28307.572
MinimumVisualStudioVersion = 10.0.40219.1
Project("{E24C65DC-7377-472B-9ABA-BC803B73C61A}") = "Web.Customer(1)", ".", "{32ED9EE8-7AB6-411A-A1AC-BD3D265B919B}"
	ProjectSection(WebsiteProperties) = preProject
		TargetFrameworkMoniker = ".NETFramework,Version%3Dv4.0"
		Debug.AspNetCompiler.VirtualPath = "/localhost_1764"
		Debug.AspNetCompiler.PhysicalPath = "D:\CNPM\Web.Customer\"
		Debug.AspNetCompiler.TargetPath = "PrecompiledWeb\localhost_1764\"
		Debug.AspNetCompiler.Updateable = "true"
		Debug.AspNetCompiler.ForceOverwrite = "true"
		Debug.AspNetCompiler.FixedNames = "false"
		Debug.AspNetCompiler.Debug = "True"
		Release.AspNetCompiler.VirtualPath = "/localhost_1764"
		Release.AspNetCompiler.PhysicalPath = "D:\CNPM\Web.Customer\"
		Release.AspNetCompiler.TargetPath = "PrecompiledWeb\localhost_1764\"
		Release.AspNetCompiler.Updateable = "true"
		Release.AspNetCompiler.ForceOverwrite = "true"
		Release.AspNetCompiler.FixedNames = "false"
		Release.AspNetCompiler.Debug = "False"
		VWDPort = "1764"
	EndProjectSection
EndProject
Global
	GlobalSection(SolutionConfigurationPlatforms) = preSolution
		Debug|Any CPU = Debug|Any CPU
	EndGlobalSection
	GlobalSection(ProjectConfigurationPlatforms) = postSolution
		{32ED9EE8-7AB6-411A-A1AC-BD3D265B919B}.Debug|Any CPU.ActiveCfg = Debug|Any CPU
		{32ED9EE8-7AB6-411A-A1AC-BD3D265B919B}.Debug|Any CPU.Build.0 = Debug|Any CPU
	EndGlobalSection
	GlobalSection(SolutionProperties) = preSolution
		HideSolutionNode = FALSE
	EndGlobalSection
	GlobalSection(ExtensibilityGlobals) = postSolution
		SolutionGuid = {C3B83AE2-67F8-456D-AB1C-F0065C5DD251}
	EndGlobalSection
EndGlobal
